
Microsoft Visual Studio Solution File, Format Version 12.00
# Visual Studio Version 17
VisualStudioVersion = 17.7.34024.191
MinimumVisualStudioVersion = 10.0.40219.1
Project("{8BC9CEB8-8B4A-11D0-8D11-00A0C91BC942}") = "Asteric Pattern", "Asteric Pattern\Asteric Pattern.vcxproj", "{FDA53063-2BEE-4142-9158-B181423C0CFB}"
EndProject
Global
	GlobalSection(SolutionConfigurationPlatforms) = preSolution
		Debug|x64 = Debug|x64
		Debug|x86 = Debug|x86
		Release|x64 = Release|x64
		Release|x86 = Release|x86
	EndGlobalSection
	GlobalSection(ProjectConfigurationPlatforms) = postSolution
		{FDA53063-2BEE-4142-9158-B181423C0CFB}.Debug|x64.ActiveCfg = Debug|x64
		{FDA53063-2BEE-4142-9158-B181423C0CFB}.Debug|x64.Build.0 = Debug|x64
		{FDA53063-2BEE-4142-9158-B181423C0CFB}.Debug|x86.ActiveCfg = Debug|Win32
		{FDA53063-2BEE-4142-9158-B181423C0CFB}.Debug|x86.Build.0 = Debug|Win32
		{FDA53063-2BEE-4142-9158-B181423C0CFB}.Release|x64.ActiveCfg = Release|x64
		{FDA53063-2BEE-4142-9158-B181423C0CFB}.Release|x64.Build.0 = Release|x64
		{FDA53063-2BEE-4142-9158-B181423C0CFB}.Release|x86.ActiveCfg = Release|Win32
		{FDA53063-2BEE-4142-9158-B181423C0CFB}.Release|x86.Build.0 = Release|Win32
	EndGlobalSection
	GlobalSection(SolutionProperties) = preSolution
		HideSolutionNode = FALSE
	EndGlobalSection
	GlobalSection(ExtensibilityGlobals) = postSolution
		SolutionGuid = {C3A8A570-8943-4ACD-8FC4-C0D08B08EC40}
	EndGlobalSection
EndGlobal
