
Microsoft Visual Studio Solution File, Format Version 12.00
# Visual Studio Version 17
VisualStudioVersion = 17.7.34024.191
MinimumVisualStudioVersion = 10.0.40219.1
Project("{8BC9CEB8-8B4A-11D0-8D11-00A0C91BC942}") = "change value odf a variable with other", "change value odf a variable with other\change value odf a variable with other.vcxproj", "{3DFB59C9-AFDE-4A8B-8176-E849822EBEBB}"
EndProject
Global
	GlobalSection(SolutionConfigurationPlatforms) = preSolution
		Debug|x64 = Debug|x64
		Debug|x86 = Debug|x86
		Release|x64 = Release|x64
		Release|x86 = Release|x86
	EndGlobalSection
	GlobalSection(ProjectConfigurationPlatforms) = postSolution
		{3DFB59C9-AFDE-4A8B-8176-E849822EBEBB}.Debug|x64.ActiveCfg = Debug|x64
		{3DFB59C9-AFDE-4A8B-8176-E849822EBEBB}.Debug|x64.Build.0 = Debug|x64
		{3DFB59C9-AFDE-4A8B-8176-E849822EBEBB}.Debug|x86.ActiveCfg = Debug|Win32
		{3DFB59C9-AFDE-4A8B-8176-E849822EBEBB}.Debug|x86.Build.0 = Debug|Win32
		{3DFB59C9-AFDE-4A8B-8176-E849822EBEBB}.Release|x64.ActiveCfg = Release|x64
		{3DFB59C9-AFDE-4A8B-8176-E849822EBEBB}.Release|x64.Build.0 = Release|x64
		{3DFB59C9-AFDE-4A8B-8176-E849822EBEBB}.Release|x86.ActiveCfg = Release|Win32
		{3DFB59C9-AFDE-4A8B-8176-E849822EBEBB}.Release|x86.Build.0 = Release|Win32
	EndGlobalSection
	GlobalSection(SolutionProperties) = preSolution
		HideSolutionNode = FALSE
	EndGlobalSection
	GlobalSection(ExtensibilityGlobals) = postSolution
		SolutionGuid = {A068A1BF-DAC7-487E-964B-51D9C5A9C680}
	EndGlobalSection
EndGlobal
